// !$*UTF8*$!
{
	archiveVersion = 1;
	classes = {
	};
	objectVersion = 46;
	objects = {

/* Begin PBXBuildFile section */
		66AD2FA41A07FC91004785E3 /* Position.cpp in Sources */ = {isa = PBXBuildFile; fileRef = 66AD2FA31A07FC91004785E3 /* Position.cpp */; };
		66C10DB81A0030B10074ED36 /* main.cpp in Sources */ = {isa = PBXBuildFile; fileRef = 66C10DB71A0030B10074ED36 /* main.cpp */; };
		66C10DC01A0030E80074ED36 /* Board.cpp in Sources */ = {isa = PBXBuildFile; fileRef = 66C10DBE1A0030E80074ED36 /* Board.cpp */; };
		66C10DC31A0034D90074ED36 /* Piece.cpp in Sources */ = {isa = PBXBuildFile; fileRef = 66C10DC11A0034D90074ED36 /* Piece.cpp */; };
		66D4B2BC1A080BF300EE98E8 /* NotificationSystem.cpp in Sources */ = {isa = PBXBuildFile; fileRef = 66D4B2BA1A080BF300EE98E8 /* NotificationSystem.cpp */; };
/* End PBXBuildFile section */

/* Begin PBXCopyFilesBuildPhase section */
		66C10DB21A0030B10074ED36 /* CopyFiles */ = {
			isa = PBXCopyFilesBuildPhase;
			buildActionMask = 2147483647;
			dstPath = /usr/share/man/man1/;
			dstSubfolderSpec = 0;
			files = (
			);
			runOnlyForDeploymentPostprocessing = 1;
		};
/* End PBXCopyFilesBuildPhase section */

/* Begin PBXFileReference section */
		66AD2FA21A07EFBB004785E3 /* Position.h */ = {isa = PBXFileReference; fileEncoding = 4; lastKnownFileType = sourcecode.c.h; path = Position.h; sourceTree = "<group>"; };
		66AD2FA31A07FC91004785E3 /* Position.cpp */ = {isa = PBXFileReference; fileEncoding = 4; lastKnownFileType = sourcecode.cpp.cpp; path = Position.cpp; sourceTree = "<group>"; };
		66C10DB41A0030B10074ED36 /* Chess */ = {isa = PBXFileReference; explicitFileType = "compiled.mach-o.executable"; includeInIndex = 0; path = Chess; sourceTree = BUILT_PRODUCTS_DIR; };
		66C10DB71A0030B10074ED36 /* main.cpp */ = {isa = PBXFileReference; lastKnownFileType = sourcecode.cpp.cpp; path = main.cpp; sourceTree = "<group>"; };
		66C10DBE1A0030E80074ED36 /* Board.cpp */ = {isa = PBXFileReference; fileEncoding = 4; lastKnownFileType = sourcecode.cpp.cpp; path = Board.cpp; sourceTree = "<group>"; };
		66C10DBF1A0030E80074ED36 /* Board.h */ = {isa = PBXFileReference; fileEncoding = 4; lastKnownFileType = sourcecode.c.h; path = Board.h; sourceTree = "<group>"; };
		66C10DC11A0034D90074ED36 /* Piece.cpp */ = {isa = PBXFileReference; fileEncoding = 4; lastKnownFileType = sourcecode.cpp.cpp; path = Piece.cpp; sourceTree = "<group>"; };
		66C10DC21A0034D90074ED36 /* Piece.h */ = {isa = PBXFileReference; fileEncoding = 4; lastKnownFileType = sourcecode.c.h; path = Piece.h; sourceTree = "<group>"; };
		66D4B2BA1A080BF300EE98E8 /* NotificationSystem.cpp */ = {isa = PBXFileReference; fileEncoding = 4; lastKnownFileType = sourcecode.cpp.cpp; path = NotificationSystem.cpp; sourceTree = "<group>"; };
		66D4B2BB1A080BF300EE98E8 /* NotificationSystem.h */ = {isa = PBXFileReference; fileEncoding = 4; lastKnownFileType = sourcecode.c.h; path = NotificationSystem.h; sourceTree = "<group>"; };
/* End PBXFileReference section */

/* Begin PBXFrameworksBuildPhase section */
		66C10DB11A0030B10074ED36 /* Frameworks */ = {
			isa = PBXFrameworksBuildPhase;
			buildActionMask = 2147483647;
			files = (
			);
			runOnlyForDeploymentPostprocessing = 0;
		};
/* End PBXFrameworksBuildPhase section */

/* Begin PBXGroup section */
		66C10DAB1A0030B10074ED36 = {
			isa = PBXGroup;
			children = (
				66C10DB61A0030B10074ED36 /* Chess */,
				66C10DB51A0030B10074ED36 /* Products */,
			);
			sourceTree = "<group>";
		};
		66C10DB51A0030B10074ED36 /* Products */ = {
			isa = PBXGroup;
			children = (
				66C10DB41A0030B10074ED36 /* Chess */,
			);
			name = Products;
			sourceTree = "<group>";
		};
		66C10DB61A0030B10074ED36 /* Chess */ = {
			isa = PBXGroup;
			children = (
				66D4B2BB1A080BF300EE98E8 /* NotificationSystem.h */,
				66AD2FA21A07EFBB004785E3 /* Position.h */,
				66C10DC21A0034D90074ED36 /* Piece.h */,
				66C10DBF1A0030E80074ED36 /* Board.h */,
				66D4B2BA1A080BF300EE98E8 /* NotificationSystem.cpp */,
				66AD2FA31A07FC91004785E3 /* Position.cpp */,
				66C10DC11A0034D90074ED36 /* Piece.cpp */,
				66C10DBE1A0030E80074ED36 /* Board.cpp */,
				66C10DB71A0030B10074ED36 /* main.cpp */,
			);
			path = Chess;
			sourceTree = "<group>";
		};
/* End PBXGroup section */

/* Begin PBXNativeTarget section */
		66C10DB31A0030B10074ED36 /* Chess */ = {
			isa = PBXNativeTarget;
			buildConfigurationList = 66C10DBB1A0030B10074ED36 /* Build configuration list for PBXNativeTarget "Chess" */;
			buildPhases = (
				66C10DB01A0030B10074ED36 /* Sources */,
				66C10DB11A0030B10074ED36 /* Frameworks */,
				66C10DB21A0030B10074ED36 /* CopyFiles */,
			);
			buildRules = (
			);
			dependencies = (
			);
			name = Chess;
			productName = Chess;
			productReference = 66C10DB41A0030B10074ED36 /* Chess */;
			productType = "com.apple.product-type.tool";
		};
/* End PBXNativeTarget section */

/* Begin PBXProject section */
		66C10DAC1A0030B10074ED36 /* Project object */ = {
			isa = PBXProject;
			attributes = {
				LastUpgradeCheck = 0610;
				ORGANIZATIONNAME = "Adam James Leuer";
				TargetAttributes = {
					66C10DB31A0030B10074ED36 = {
						CreatedOnToolsVersion = 6.1;
					};
				};
			};
			buildConfigurationList = 66C10DAF1A0030B10074ED36 /* Build configuration list for PBXProject "Chess" */;
			compatibilityVersion = "Xcode 3.2";
			developmentRegion = English;
			hasScannedForEncodings = 0;
			knownRegions = (
				en,
			);
			mainGroup = 66C10DAB1A0030B10074ED36;
			productRefGroup = 66C10DB51A0030B10074ED36 /* Products */;
			projectDirPath = "";
			projectRoot = "";
			targets = (
				66C10DB31A0030B10074ED36 /* Chess */,
			);
		};
/* End PBXProject section */

/* Begin PBXSourcesBuildPhase section */
		66C10DB01A0030B10074ED36 /* Sources */ = {
			isa = PBXSourcesBuildPhase;
			buildActionMask = 2147483647;
			files = (
				66C10DC31A0034D90074ED36 /* Piece.cpp in Sources */,
				66C10DC01A0030E80074ED36 /* Board.cpp in Sources */,
				66AD2FA41A07FC91004785E3 /* Position.cpp in Sources */,
				66D4B2BC1A080BF300EE98E8 /* NotificationSystem.cpp in Sources */,
				66C10DB81A0030B10074ED36 /* main.cpp in Sources */,
			);
			runOnlyForDeploymentPostprocessing = 0;
		};
/* End PBXSourcesBuildPhase section */

/* Begin XCBuildConfiguration section */
		66C10DB91A0030B10074ED36 /* Debug */ = {
			isa = XCBuildConfiguration;
			buildSettings = {
				ALWAYS_SEARCH_USER_PATHS = NO;
				CLANG_CXX_LANGUAGE_STANDARD = "c++14";
				CLANG_CXX_LIBRARY = "libc++";
				CLANG_ENABLE_MODULES = YES;
				CLANG_ENABLE_OBJC_ARC = YES;
				CLANG_WARN_BOOL_CONVERSION = YES;
				CLANG_WARN_CONSTANT_CONVERSION = YES;
				CLANG_WARN_DIRECT_OBJC_ISA_USAGE = YES_ERROR;
				CLANG_WARN_EMPTY_BODY = YES;
				CLANG_WARN_ENUM_CONVERSION = YES;
				CLANG_WARN_INT_CONVERSION = YES;
				CLANG_WARN_OBJC_ROOT_CLASS = YES_ERROR;
				CLANG_WARN_UNREACHABLE_CODE = YES;
				CLANG_WARN__DUPLICATE_METHOD_MATCH = YES;
				COPY_PHASE_STRIP = NO;
				ENABLE_STRICT_OBJC_MSGSEND = YES;
				GCC_C_LANGUAGE_STANDARD = c11;
				GCC_DYNAMIC_NO_PIC = NO;
				GCC_OPTIMIZATION_LEVEL = 0;
				GCC_PREPROCESSOR_DEFINITIONS = (
					"DEBUG=1",
					"$(inherited)",
				);
				GCC_SYMBOLS_PRIVATE_EXTERN = NO;
				GCC_WARN_64_TO_32_BIT_CONVERSION = YES;
				GCC_WARN_ABOUT_RETURN_TYPE = YES_ERROR;
				GCC_WARN_UNDECLARED_SELECTOR = YES;
				GCC_WARN_UNINITIALIZED_AUTOS = YES_AGGRESSIVE;
				GCC_WARN_UNUSED_FUNCTION = YES;
				GCC_WARN_UNUSED_VARIABLE = YES;
				MACOSX_DEPLOYMENT_TARGET = 10.10;
				MTL_ENABLE_DEBUG_INFO = YES;
				ONLY_ACTIVE_ARCH = YES;
				SDKROOT = macosx;
			};
			name = Debug;
		};
		66C10DBA1A0030B10074ED36 /* Release */ = {
			isa = XCBuildConfiguration;
			buildSettings = {
				ALWAYS_SEARCH_USER_PATHS = NO;
				CLANG_CXX_LANGUAGE_STANDARD = "c++14";
				CLANG_CXX_LIBRARY = "libc++";
				CLANG_ENABLE_MODULES = YES;
				CLANG_ENABLE_OBJC_ARC = YES;
				CLANG_WARN_BOOL_CONVERSION = YES;
				CLANG_WARN_CONSTANT_CONVERSION = YES;
				CLANG_WARN_DIRECT_OBJC_ISA_USAGE = YES_ERROR;
				CLANG_WARN_EMPTY_BODY = YES;
				CLANG_WARN_ENUM_CONVERSION = YES;
				CLANG_WARN_INT_CONVERSION = YES;
				CLANG_WARN_OBJC_ROOT_CLASS = YES_ERROR;
				CLANG_WARN_UNREACHABLE_CODE = YES;
				CLANG_WARN__DUPLICATE_METHOD_MATCH = YES;
				COPY_PHASE_STRIP = YES;
				DEBUG_INFORMATION_FORMAT = "dwarf-with-dsym";
				ENABLE_NS_ASSERTIONS = NO;
				ENABLE_STRICT_OBJC_MSGSEND = YES;
				GCC_C_LANGUAGE_STANDARD = c11;
				GCC_OPTIMIZATION_LEVEL = 0;
				GCC_WARN_64_TO_32_BIT_CONVERSION = YES;
				GCC_WARN_ABOUT_RETURN_TYPE = YES_ERROR;
				GCC_WARN_UNDECLARED_SELECTOR = YES;
				GCC_WARN_UNINITIALIZED_AUTOS = YES_AGGRESSIVE;
				GCC_WARN_UNUSED_FUNCTION = YES;
				GCC_WARN_UNUSED_VARIABLE = YES;
				MACOSX_DEPLOYMENT_TARGET = 10.10;
				MTL_ENABLE_DEBUG_INFO = NO;
				SDKROOT = macosx;
			};
			name = Release;
		};
		66C10DBC1A0030B10074ED36 /* Debug */ = {
			isa = XCBuildConfiguration;
			buildSettings = {
				PRODUCT_NAME = "$(TARGET_NAME)";
			};
			name = Debug;
		};
		66C10DBD1A0030B10074ED36 /* Release */ = {
			isa = XCBuildConfiguration;
			buildSettings = {
				PRODUCT_NAME = "$(TARGET_NAME)";
			};
			name = Release;
		};
/* End XCBuildConfiguration section */

/* Begin XCConfigurationList section */
		66C10DAF1A0030B10074ED36 /* Build configuration list for PBXProject "Chess" */ = {
			isa = XCConfigurationList;
			buildConfigurations = (
				66C10DB91A0030B10074ED36 /* Debug */,
				66C10DBA1A0030B10074ED36 /* Release */,
			);
			defaultConfigurationIsVisible = 0;
			defaultConfigurationName = Release;
		};
		66C10DBB1A0030B10074ED36 /* Build configuration list for PBXNativeTarget "Chess" */ = {
			isa = XCConfigurationList;
			buildConfigurations = (
				66C10DBC1A0030B10074ED36 /* Debug */,
				66C10DBD1A0030B10074ED36 /* Release */,
			);
			defaultConfigurationIsVisible = 0;
			defaultConfigurationName = Release;
		};
/* End XCConfigurationList section */
	};
	rootObject = 66C10DAC1A0030B10074ED36 /* Project object */;
}
