// !$*UTF8*$!
{
	archiveVersion = 1;
	classes = {
	};
	objectVersion = 46;
	objects = {

/* Begin PBXBuildFile section */
		660A3FCC1ACF7BFA00E68035 /* Assets in CopyFiles */ = {isa = PBXBuildFile; fileRef = 66D0AFA41AB6D026001AD733 /* Assets */; };
		6659B8BA1AB75ADD0068B607 /* DisplayData.cpp in Sources */ = {isa = PBXBuildFile; fileRef = 6659B8B91AB75ADD0068B607 /* DisplayData.cpp */; };
		6659B8BC1AB75B540068B607 /* DisplayData.mm in Sources */ = {isa = PBXBuildFile; fileRef = 6659B8BB1AB75B540068B607 /* DisplayData.mm */; };
		6659B8BF1AB75BB40068B607 /* AppKit.framework in Frameworks */ = {isa = PBXBuildFile; fileRef = 6659B8BE1AB75BB40068B607 /* AppKit.framework */; };
		6663DC9B1AB7414200F10B4F /* Config.cpp in Sources */ = {isa = PBXBuildFile; fileRef = 6663DC9A1AB7414200F10B4F /* Config.cpp */; };
		66AD6CF61A93D3080008F0ED /* Util.cpp in Sources */ = {isa = PBXBuildFile; fileRef = 66AD6CF41A93D3080008F0ED /* Util.cpp */; };
		66BE095E1A8E382300C5F1CC /* libsfml-audio.2.2.0.dylib in Frameworks */ = {isa = PBXBuildFile; fileRef = 66BE09591A8E382300C5F1CC /* libsfml-audio.2.2.0.dylib */; };
		66BE095F1A8E382300C5F1CC /* libsfml-graphics.2.2.0.dylib in Frameworks */ = {isa = PBXBuildFile; fileRef = 66BE095A1A8E382300C5F1CC /* libsfml-graphics.2.2.0.dylib */; };
		66BE09601A8E382300C5F1CC /* libsfml-network.2.2.0.dylib in Frameworks */ = {isa = PBXBuildFile; fileRef = 66BE095B1A8E382300C5F1CC /* libsfml-network.2.2.0.dylib */; };
		66BE09611A8E382300C5F1CC /* libsfml-system.2.2.0.dylib in Frameworks */ = {isa = PBXBuildFile; fileRef = 66BE095C1A8E382300C5F1CC /* libsfml-system.2.2.0.dylib */; };
		66BE09621A8E382300C5F1CC /* libsfml-window.2.2.0.dylib in Frameworks */ = {isa = PBXBuildFile; fileRef = 66BE095D1A8E382300C5F1CC /* libsfml-window.2.2.0.dylib */; };
		66BE09771A8E4AC200C5F1CC /* Board.cpp in Sources */ = {isa = PBXBuildFile; fileRef = 66BE09671A8E4AC200C5F1CC /* Board.cpp */; };
		66BE09781A8E4AC200C5F1CC /* Game.cpp in Sources */ = {isa = PBXBuildFile; fileRef = 66BE09691A8E4AC200C5F1CC /* Game.cpp */; };
		66BE09791A8E4AC200C5F1CC /* Piece.cpp in Sources */ = {isa = PBXBuildFile; fileRef = 66BE096B1A8E4AC200C5F1CC /* Piece.cpp */; };
		66BE097A1A8E4AC200C5F1CC /* Player.cpp in Sources */ = {isa = PBXBuildFile; fileRef = 66BE096D1A8E4AC200C5F1CC /* Player.cpp */; };
		66BE097C1A8E4AC200C5F1CC /* Vect.cpp in Sources */ = {isa = PBXBuildFile; fileRef = 66BE09721A8E4AC200C5F1CC /* Vect.cpp */; };
		66BE097D1A8E4AC200C5F1CC /* Window.cpp in Sources */ = {isa = PBXBuildFile; fileRef = 66BE09751A8E4AC200C5F1CC /* Window.cpp */; };
		66C10DB81A0030B10074ED36 /* main.cpp in Sources */ = {isa = PBXBuildFile; fileRef = 66C10DB71A0030B10074ED36 /* main.cpp */; };
		66E390DD1ADB1937008D4505 /* CoreGraphics.framework in Frameworks */ = {isa = PBXBuildFile; fileRef = 66E390DC1ADB1937008D4505 /* CoreGraphics.framework */; };
/* End PBXBuildFile section */

/* Begin PBXCopyFilesBuildPhase section */
		66C10DB21A0030B10074ED36 /* CopyFiles */ = {
			isa = PBXCopyFilesBuildPhase;
			buildActionMask = 12;
			dstPath = "";
			dstSubfolderSpec = 16;
			files = (
				660A3FCC1ACF7BFA00E68035 /* Assets in CopyFiles */,
			);
			runOnlyForDeploymentPostprocessing = 0;
		};
/* End PBXCopyFilesBuildPhase section */

/* Begin PBXFileReference section */
		6603F9571AD73BAB00B3A5DD /* UniqueNumericID.h */ = {isa = PBXFileReference; lastKnownFileType = sourcecode.c.h; name = UniqueNumericID.h; path = Source/Util/UniqueNumericID.h; sourceTree = SOURCE_ROOT; };
		661E2F411AD192E4008192F2 /* BuildConfig.xcconfig */ = {isa = PBXFileReference; lastKnownFileType = text.xcconfig; name = BuildConfig.xcconfig; path = Config/BuildConfig.xcconfig; sourceTree = "<group>"; };
		66243F691ABF84F70002560B /* Config */ = {isa = PBXFileReference; lastKnownFileType = folder; path = Config; sourceTree = "<group>"; };
		6659B8B41AB75A210068B607 /* Util.hpp */ = {isa = PBXFileReference; lastKnownFileType = sourcecode.cpp.h; path = Util.hpp; sourceTree = "<group>"; };
		6659B8B81AB75ADD0068B607 /* DisplayData.h */ = {isa = PBXFileReference; fileEncoding = 4; lastKnownFileType = sourcecode.c.h; path = DisplayData.h; sourceTree = "<group>"; };
		6659B8B91AB75ADD0068B607 /* DisplayData.cpp */ = {isa = PBXFileReference; fileEncoding = 4; lastKnownFileType = sourcecode.cpp.cpp; path = DisplayData.cpp; sourceTree = "<group>"; };
		6659B8BB1AB75B540068B607 /* DisplayData.mm */ = {isa = PBXFileReference; fileEncoding = 4; lastKnownFileType = sourcecode.cpp.objcpp; path = DisplayData.mm; sourceTree = "<group>"; };
		6659B8BD1AB75B8C0068B607 /* Decl_Apple.h */ = {isa = PBXFileReference; lastKnownFileType = sourcecode.c.h; path = Decl_Apple.h; sourceTree = "<group>"; };
		6659B8BE1AB75BB40068B607 /* AppKit.framework */ = {isa = PBXFileReference; lastKnownFileType = wrapper.framework; name = AppKit.framework; path = System/Library/Frameworks/AppKit.framework; sourceTree = SDKROOT; };
		6659B8C01AB779A20068B607 /* Random.hpp */ = {isa = PBXFileReference; lastKnownFileType = sourcecode.cpp.h; path = Random.hpp; sourceTree = "<group>"; };
		6663DC9A1AB7414200F10B4F /* Config.cpp */ = {isa = PBXFileReference; fileEncoding = 4; lastKnownFileType = sourcecode.cpp.cpp; path = Config.cpp; sourceTree = "<group>"; };
		66AD6CF41A93D3080008F0ED /* Util.cpp */ = {isa = PBXFileReference; fileEncoding = 4; lastKnownFileType = sourcecode.cpp.cpp; path = Util.cpp; sourceTree = "<group>"; };
		66AD6CF51A93D3080008F0ED /* Util.h */ = {isa = PBXFileReference; fileEncoding = 4; lastKnownFileType = sourcecode.c.h; path = Util.h; sourceTree = "<group>"; };
		66AF8EC31AB40F0000FECDA7 /* Config.h */ = {isa = PBXFileReference; lastKnownFileType = sourcecode.c.h; path = Config.h; sourceTree = "<group>"; };
		66BE09591A8E382300C5F1CC /* libsfml-audio.2.2.0.dylib */ = {isa = PBXFileReference; lastKnownFileType = "compiled.mach-o.dylib"; name = "libsfml-audio.2.2.0.dylib"; path = "../../../../../../usr/local/Cellar/sfml/2.2/lib/libsfml-audio.2.2.0.dylib"; sourceTree = "<group>"; };
		66BE095A1A8E382300C5F1CC /* libsfml-graphics.2.2.0.dylib */ = {isa = PBXFileReference; lastKnownFileType = "compiled.mach-o.dylib"; name = "libsfml-graphics.2.2.0.dylib"; path = "../../../../../../usr/local/Cellar/sfml/2.2/lib/libsfml-graphics.2.2.0.dylib"; sourceTree = "<group>"; };
		66BE095B1A8E382300C5F1CC /* libsfml-network.2.2.0.dylib */ = {isa = PBXFileReference; lastKnownFileType = "compiled.mach-o.dylib"; name = "libsfml-network.2.2.0.dylib"; path = "../../../../../../usr/local/Cellar/sfml/2.2/lib/libsfml-network.2.2.0.dylib"; sourceTree = "<group>"; };
		66BE095C1A8E382300C5F1CC /* libsfml-system.2.2.0.dylib */ = {isa = PBXFileReference; lastKnownFileType = "compiled.mach-o.dylib"; name = "libsfml-system.2.2.0.dylib"; path = "../../../../../../usr/local/Cellar/sfml/2.2/lib/libsfml-system.2.2.0.dylib"; sourceTree = "<group>"; };
		66BE095D1A8E382300C5F1CC /* libsfml-window.2.2.0.dylib */ = {isa = PBXFileReference; lastKnownFileType = "compiled.mach-o.dylib"; name = "libsfml-window.2.2.0.dylib"; path = "../../../../../../usr/local/Cellar/sfml/2.2/lib/libsfml-window.2.2.0.dylib"; sourceTree = "<group>"; };
		66BE09671A8E4AC200C5F1CC /* Board.cpp */ = {isa = PBXFileReference; fileEncoding = 4; lastKnownFileType = sourcecode.cpp.cpp; path = Board.cpp; sourceTree = "<group>"; };
		66BE09681A8E4AC200C5F1CC /* Board.h */ = {isa = PBXFileReference; fileEncoding = 4; lastKnownFileType = sourcecode.c.h; path = Board.h; sourceTree = "<group>"; };
		66BE09691A8E4AC200C5F1CC /* Game.cpp */ = {isa = PBXFileReference; fileEncoding = 4; lastKnownFileType = sourcecode.cpp.cpp; path = Game.cpp; sourceTree = "<group>"; };
		66BE096A1A8E4AC200C5F1CC /* Game.h */ = {isa = PBXFileReference; fileEncoding = 4; lastKnownFileType = sourcecode.c.h; path = Game.h; sourceTree = "<group>"; };
		66BE096B1A8E4AC200C5F1CC /* Piece.cpp */ = {isa = PBXFileReference; fileEncoding = 4; lastKnownFileType = sourcecode.cpp.cpp; path = Piece.cpp; sourceTree = "<group>"; };
		66BE096C1A8E4AC200C5F1CC /* Piece.h */ = {isa = PBXFileReference; fileEncoding = 4; lastKnownFileType = sourcecode.c.h; path = Piece.h; sourceTree = "<group>"; };
		66BE096D1A8E4AC200C5F1CC /* Player.cpp */ = {isa = PBXFileReference; fileEncoding = 4; lastKnownFileType = sourcecode.cpp.cpp; path = Player.cpp; sourceTree = "<group>"; };
		66BE096E1A8E4AC200C5F1CC /* Player.h */ = {isa = PBXFileReference; fileEncoding = 4; lastKnownFileType = sourcecode.c.h; path = Player.h; sourceTree = "<group>"; };
		66BE09711A8E4AC200C5F1CC /* NotificationSystem.h */ = {isa = PBXFileReference; fileEncoding = 4; lastKnownFileType = sourcecode.c.h; path = NotificationSystem.h; sourceTree = "<group>"; };
		66BE09721A8E4AC200C5F1CC /* Vect.cpp */ = {isa = PBXFileReference; fileEncoding = 4; lastKnownFileType = sourcecode.cpp.cpp; path = Vect.cpp; sourceTree = "<group>"; };
		66BE09731A8E4AC200C5F1CC /* Vect.h */ = {isa = PBXFileReference; fileEncoding = 4; lastKnownFileType = sourcecode.c.h; path = Vect.h; sourceTree = "<group>"; };
		66BE09751A8E4AC200C5F1CC /* Window.cpp */ = {isa = PBXFileReference; fileEncoding = 4; lastKnownFileType = sourcecode.cpp.cpp; path = Window.cpp; sourceTree = "<group>"; };
		66BE09761A8E4AC200C5F1CC /* Window.h */ = {isa = PBXFileReference; fileEncoding = 4; lastKnownFileType = sourcecode.c.h; path = Window.h; sourceTree = "<group>"; };
		66C10DB41A0030B10074ED36 /* Chess */ = {isa = PBXFileReference; explicitFileType = "compiled.mach-o.executable"; includeInIndex = 0; path = Chess; sourceTree = BUILT_PRODUCTS_DIR; };
		66C10DB71A0030B10074ED36 /* main.cpp */ = {isa = PBXFileReference; lastKnownFileType = sourcecode.cpp.cpp; path = main.cpp; sourceTree = "<group>"; };
		66D0AFA41AB6D026001AD733 /* Assets */ = {isa = PBXFileReference; lastKnownFileType = folder; path = Assets; sourceTree = "<group>"; };
		66E390DC1ADB1937008D4505 /* CoreGraphics.framework */ = {isa = PBXFileReference; lastKnownFileType = wrapper.framework; name = CoreGraphics.framework; path = System/Library/Frameworks/CoreGraphics.framework; sourceTree = SDKROOT; };
		66ED80F91AB1B6B3003CA2FC /* Color.h */ = {isa = PBXFileReference; lastKnownFileType = sourcecode.c.h; path = Color.h; sourceTree = "<group>"; };
		66ED80FA1AB1BA60003CA2FC /* Square.h */ = {isa = PBXFileReference; lastKnownFileType = sourcecode.c.h; path = Square.h; sourceTree = "<group>"; };
/* End PBXFileReference section */

/* Begin PBXFrameworksBuildPhase section */
		66C10DB11A0030B10074ED36 /* Frameworks */ = {
			isa = PBXFrameworksBuildPhase;
			buildActionMask = 2147483647;
			files = (
				66E390DD1ADB1937008D4505 /* CoreGraphics.framework in Frameworks */,
				6659B8BF1AB75BB40068B607 /* AppKit.framework in Frameworks */,
				66BE095E1A8E382300C5F1CC /* libsfml-audio.2.2.0.dylib in Frameworks */,
				66BE095F1A8E382300C5F1CC /* libsfml-graphics.2.2.0.dylib in Frameworks */,
				66BE09601A8E382300C5F1CC /* libsfml-network.2.2.0.dylib in Frameworks */,
				66BE09611A8E382300C5F1CC /* libsfml-system.2.2.0.dylib in Frameworks */,
				66BE09621A8E382300C5F1CC /* libsfml-window.2.2.0.dylib in Frameworks */,
			);
			runOnlyForDeploymentPostprocessing = 0;
		};
/* End PBXFrameworksBuildPhase section */

/* Begin PBXGroup section */
		66BE09661A8E4AC200C5F1CC /* Game */ = {
			isa = PBXGroup;
			children = (
				66ED80F91AB1B6B3003CA2FC /* Color.h */,
				66ED80FA1AB1BA60003CA2FC /* Square.h */,
				66BE096C1A8E4AC200C5F1CC /* Piece.h */,
				66BE096E1A8E4AC200C5F1CC /* Player.h */,
				66BE09681A8E4AC200C5F1CC /* Board.h */,
				66BE096A1A8E4AC200C5F1CC /* Game.h */,
				66BE096B1A8E4AC200C5F1CC /* Piece.cpp */,
				66BE096D1A8E4AC200C5F1CC /* Player.cpp */,
				66BE09671A8E4AC200C5F1CC /* Board.cpp */,
				66BE09691A8E4AC200C5F1CC /* Game.cpp */,
			);
			path = Game;
			sourceTree = "<group>";
		};
		66BE096F1A8E4AC200C5F1CC /* Util */ = {
			isa = PBXGroup;
			children = (
				66AF8EC31AB40F0000FECDA7 /* Config.h */,
				6603F9571AD73BAB00B3A5DD /* UniqueNumericID.h */,
				66AD6CF51A93D3080008F0ED /* Util.h */,
				6659B8B41AB75A210068B607 /* Util.hpp */,
				6659B8C01AB779A20068B607 /* Random.hpp */,
				66BE09731A8E4AC200C5F1CC /* Vect.h */,
				66BE09711A8E4AC200C5F1CC /* NotificationSystem.h */,
				6663DC9A1AB7414200F10B4F /* Config.cpp */,
				66AD6CF41A93D3080008F0ED /* Util.cpp */,
				66BE09721A8E4AC200C5F1CC /* Vect.cpp */,
			);
			path = Util;
			sourceTree = "<group>";
		};
		66BE09741A8E4AC200C5F1CC /* View */ = {
			isa = PBXGroup;
			children = (
				6659B8BD1AB75B8C0068B607 /* Decl_Apple.h */,
				6659B8B81AB75ADD0068B607 /* DisplayData.h */,
				66BE09761A8E4AC200C5F1CC /* Window.h */,
				6659B8B91AB75ADD0068B607 /* DisplayData.cpp */,
				6659B8BB1AB75B540068B607 /* DisplayData.mm */,
				66BE09751A8E4AC200C5F1CC /* Window.cpp */,
			);
			path = View;
			sourceTree = "<group>";
		};
		66C10DAB1A0030B10074ED36 = {
			isa = PBXGroup;
			children = (
				661E2F411AD192E4008192F2 /* BuildConfig.xcconfig */,
				66E390DC1ADB1937008D4505 /* CoreGraphics.framework */,
				6659B8BE1AB75BB40068B607 /* AppKit.framework */,
				66BE09591A8E382300C5F1CC /* libsfml-audio.2.2.0.dylib */,
				66BE095A1A8E382300C5F1CC /* libsfml-graphics.2.2.0.dylib */,
				66BE095B1A8E382300C5F1CC /* libsfml-network.2.2.0.dylib */,
				66BE095C1A8E382300C5F1CC /* libsfml-system.2.2.0.dylib */,
				66BE095D1A8E382300C5F1CC /* libsfml-window.2.2.0.dylib */,
				66243F691ABF84F70002560B /* Config */,
				66D0AFA41AB6D026001AD733 /* Assets */,
				66C10DB61A0030B10074ED36 /* Source */,
				66C10DB51A0030B10074ED36 /* Products */,
			);
			sourceTree = "<group>";
		};
		66C10DB51A0030B10074ED36 /* Products */ = {
			isa = PBXGroup;
			children = (
				66C10DB41A0030B10074ED36 /* Chess */,
			);
			name = Products;
			sourceTree = "<group>";
		};
		66C10DB61A0030B10074ED36 /* Source */ = {
			isa = PBXGroup;
			children = (
				66BE09661A8E4AC200C5F1CC /* Game */,
				66BE096F1A8E4AC200C5F1CC /* Util */,
				66BE09741A8E4AC200C5F1CC /* View */,
				66C10DB71A0030B10074ED36 /* main.cpp */,
			);
			path = Source;
			sourceTree = "<group>";
		};
/* End PBXGroup section */

/* Begin PBXNativeTarget section */
		66C10DB31A0030B10074ED36 /* Chess */ = {
			isa = PBXNativeTarget;
			buildConfigurationList = 66C10DBB1A0030B10074ED36 /* Build configuration list for PBXNativeTarget "Chess" */;
			buildPhases = (
				66C10DB01A0030B10074ED36 /* Sources */,
				66C10DB11A0030B10074ED36 /* Frameworks */,
				66C10DB21A0030B10074ED36 /* CopyFiles */,
			);
			buildRules = (
			);
			dependencies = (
			);
			name = Chess;
			productName = Chess;
			productReference = 66C10DB41A0030B10074ED36 /* Chess */;
			productType = "com.apple.product-type.tool";
		};
/* End PBXNativeTarget section */

/* Begin PBXProject section */
		66C10DAC1A0030B10074ED36 /* Project object */ = {
			isa = PBXProject;
			attributes = {
				LastUpgradeCheck = 0610;
				ORGANIZATIONNAME = "Adam James Leuer";
				TargetAttributes = {
					66C10DB31A0030B10074ED36 = {
						CreatedOnToolsVersion = 6.1;
					};
				};
			};
			buildConfigurationList = 66C10DAF1A0030B10074ED36 /* Build configuration list for PBXProject "Chess" */;
			compatibilityVersion = "Xcode 3.2";
			developmentRegion = English;
			hasScannedForEncodings = 0;
			knownRegions = (
				en,
			);
			mainGroup = 66C10DAB1A0030B10074ED36;
			productRefGroup = 66C10DB51A0030B10074ED36 /* Products */;
			projectDirPath = "";
			projectRoot = "";
			targets = (
				66C10DB31A0030B10074ED36 /* Chess */,
			);
		};
/* End PBXProject section */

/* Begin PBXSourcesBuildPhase section */
		66C10DB01A0030B10074ED36 /* Sources */ = {
			isa = PBXSourcesBuildPhase;
			buildActionMask = 2147483647;
			files = (
				66AD6CF61A93D3080008F0ED /* Util.cpp in Sources */,
				6659B8BA1AB75ADD0068B607 /* DisplayData.cpp in Sources */,
				66BE09791A8E4AC200C5F1CC /* Piece.cpp in Sources */,
				66BE09781A8E4AC200C5F1CC /* Game.cpp in Sources */,
				6663DC9B1AB7414200F10B4F /* Config.cpp in Sources */,
				66BE09771A8E4AC200C5F1CC /* Board.cpp in Sources */,
				66BE097D1A8E4AC200C5F1CC /* Window.cpp in Sources */,
				66C10DB81A0030B10074ED36 /* main.cpp in Sources */,
				66BE097A1A8E4AC200C5F1CC /* Player.cpp in Sources */,
				66BE097C1A8E4AC200C5F1CC /* Vect.cpp in Sources */,
				6659B8BC1AB75B540068B607 /* DisplayData.mm in Sources */,
			);
			runOnlyForDeploymentPostprocessing = 0;
		};
/* End PBXSourcesBuildPhase section */

/* Begin XCBuildConfiguration section */
		66C10DB91A0030B10074ED36 /* Debug */ = {
			isa = XCBuildConfiguration;
			buildSettings = {
				ALWAYS_SEARCH_USER_PATHS = NO;
				CLANG_CXX_LANGUAGE_STANDARD = "c++14";
				CLANG_CXX_LIBRARY = "libc++";
				CLANG_ENABLE_MODULES = YES;
				CLANG_ENABLE_OBJC_ARC = YES;
				CLANG_WARN_BOOL_CONVERSION = YES;
				CLANG_WARN_CONSTANT_CONVERSION = YES;
				CLANG_WARN_DIRECT_OBJC_ISA_USAGE = YES_ERROR;
				CLANG_WARN_DOCUMENTATION_COMMENTS = NO;
				CLANG_WARN_EMPTY_BODY = YES;
				CLANG_WARN_ENUM_CONVERSION = YES;
				CLANG_WARN_IMPLICIT_SIGN_CONVERSION = NO;
				CLANG_WARN_INT_CONVERSION = YES;
				CLANG_WARN_OBJC_ROOT_CLASS = YES_ERROR;
				CLANG_WARN_SUSPICIOUS_IMPLICIT_CONVERSION = YES;
				CLANG_WARN_UNREACHABLE_CODE = YES;
				CLANG_WARN__DUPLICATE_METHOD_MATCH = YES;
				COPY_PHASE_STRIP = NO;
				ENABLE_STRICT_OBJC_MSGSEND = YES;
				GCC_C_LANGUAGE_STANDARD = c11;
				GCC_DYNAMIC_NO_PIC = NO;
				GCC_OPTIMIZATION_LEVEL = 0;
				GCC_PREPROCESSOR_DEFINITIONS = (
					"DEBUG=1",
					"$(inherited)",
				);
				GCC_SYMBOLS_PRIVATE_EXTERN = NO;
				GCC_WARN_64_TO_32_BIT_CONVERSION = YES;
				GCC_WARN_ABOUT_MISSING_FIELD_INITIALIZERS = YES;
				GCC_WARN_ABOUT_RETURN_TYPE = YES_ERROR;
				GCC_WARN_PEDANTIC = YES;
				GCC_WARN_SHADOW = NO;
				GCC_WARN_UNDECLARED_SELECTOR = YES;
				GCC_WARN_UNINITIALIZED_AUTOS = YES_AGGRESSIVE;
				GCC_WARN_UNUSED_FUNCTION = YES;
				GCC_WARN_UNUSED_VARIABLE = NO;
				HEADER_SEARCH_PATHS = (
					"$(inherited)",
					/Applications/Xcode.app/Contents/Developer/Toolchains/XcodeDefault.xctoolchain/usr/include,
					/usr/local/include,
					/usr/include,
				);
				LIBRARY_SEARCH_PATHS = (
					/usr/lib,
					/usr/local/lib,
				);
				MACOSX_DEPLOYMENT_TARGET = 10.10;
				MTL_ENABLE_DEBUG_INFO = YES;
				ONLY_ACTIVE_ARCH = YES;
				SDKROOT = macosx;
			};
			name = Debug;
		};
		66C10DBA1A0030B10074ED36 /* Release */ = {
			isa = XCBuildConfiguration;
			buildSettings = {
				ALWAYS_SEARCH_USER_PATHS = NO;
				CLANG_CXX_LANGUAGE_STANDARD = "c++14";
				CLANG_CXX_LIBRARY = "libc++";
				CLANG_ENABLE_MODULES = YES;
				CLANG_ENABLE_OBJC_ARC = YES;
				CLANG_WARN_BOOL_CONVERSION = YES;
				CLANG_WARN_CONSTANT_CONVERSION = YES;
				CLANG_WARN_DIRECT_OBJC_ISA_USAGE = YES_ERROR;
				CLANG_WARN_DOCUMENTATION_COMMENTS = NO;
				CLANG_WARN_EMPTY_BODY = YES;
				CLANG_WARN_ENUM_CONVERSION = YES;
				CLANG_WARN_IMPLICIT_SIGN_CONVERSION = NO;
				CLANG_WARN_INT_CONVERSION = YES;
				CLANG_WARN_OBJC_ROOT_CLASS = YES_ERROR;
				CLANG_WARN_SUSPICIOUS_IMPLICIT_CONVERSION = YES;
				CLANG_WARN_UNREACHABLE_CODE = YES;
				CLANG_WARN__DUPLICATE_METHOD_MATCH = YES;
				COPY_PHASE_STRIP = NO;
				DEBUG_INFORMATION_FORMAT = "dwarf-with-dsym";
				ENABLE_NS_ASSERTIONS = NO;
				ENABLE_STRICT_OBJC_MSGSEND = YES;
				GCC_C_LANGUAGE_STANDARD = c11;
				GCC_OPTIMIZATION_LEVEL = 0;
				GCC_WARN_64_TO_32_BIT_CONVERSION = YES;
				GCC_WARN_ABOUT_MISSING_FIELD_INITIALIZERS = YES;
				GCC_WARN_ABOUT_RETURN_TYPE = YES_ERROR;
				GCC_WARN_PEDANTIC = YES;
				GCC_WARN_SHADOW = NO;
				GCC_WARN_UNDECLARED_SELECTOR = YES;
				GCC_WARN_UNINITIALIZED_AUTOS = YES_AGGRESSIVE;
				GCC_WARN_UNUSED_FUNCTION = YES;
				GCC_WARN_UNUSED_VARIABLE = NO;
				HEADER_SEARCH_PATHS = (
					"$(inherited)",
					/Applications/Xcode.app/Contents/Developer/Toolchains/XcodeDefault.xctoolchain/usr/include,
					/usr/local/include,
					/usr/include,
				);
				MACOSX_DEPLOYMENT_TARGET = 10.10;
				MTL_ENABLE_DEBUG_INFO = NO;
				ONLY_ACTIVE_ARCH = YES;
				SDKROOT = macosx;
			};
			name = Release;
		};
		66C10DBC1A0030B10074ED36 /* Debug */ = {
			isa = XCBuildConfiguration;
			baseConfigurationReference = 661E2F411AD192E4008192F2 /* BuildConfig.xcconfig */;
			buildSettings = {
				CLANG_CXX_LIBRARY = "libc++";
				LIBRARY_SEARCH_PATHS = (
					"$(inherited)",
					/usr/local/Cellar/sfml/2.2/lib,
				);
				PRODUCT_NAME = "$(TARGET_NAME)";
			};
			name = Debug;
		};
		66C10DBD1A0030B10074ED36 /* Release */ = {
			isa = XCBuildConfiguration;
			baseConfigurationReference = 661E2F411AD192E4008192F2 /* BuildConfig.xcconfig */;
			buildSettings = {
				CLANG_CXX_LIBRARY = "libc++";
				LIBRARY_SEARCH_PATHS = (
					"$(inherited)",
					/usr/local/Cellar/sfml/2.2/lib,
				);
				PRODUCT_NAME = "$(TARGET_NAME)";
			};
			name = Release;
		};
/* End XCBuildConfiguration section */

/* Begin XCConfigurationList section */
		66C10DAF1A0030B10074ED36 /* Build configuration list for PBXProject "Chess" */ = {
			isa = XCConfigurationList;
			buildConfigurations = (
				66C10DB91A0030B10074ED36 /* Debug */,
				66C10DBA1A0030B10074ED36 /* Release */,
			);
			defaultConfigurationIsVisible = 0;
			defaultConfigurationName = Debug;
		};
		66C10DBB1A0030B10074ED36 /* Build configuration list for PBXNativeTarget "Chess" */ = {
			isa = XCConfigurationList;
			buildConfigurations = (
				66C10DBC1A0030B10074ED36 /* Debug */,
				66C10DBD1A0030B10074ED36 /* Release */,
			);
			defaultConfigurationIsVisible = 0;
			defaultConfigurationName = Debug;
		};
/* End XCConfigurationList section */
	};
	rootObject = 66C10DAC1A0030B10074ED36 /* Project object */;
}
